{
  "originHash" : "7283e6042e6e34a83a550d6234fac8be7ad0692c1b3dce511baf59d435e4209c",
  "pins" : [
    {
      "identity" : "permissionflow",
      "kind" : "remoteSourceControl",
      "location" : "https://github.com/twodayslate/PermissionFlow.git",
      "state" : {
        "revision" : "362ff1f5d025bc57408717e1a755afd4dd47ff20"
      }
    },
    {
      "identity" : "sparkle",
      "kind" : "remoteSourceControl",
      "location" : "https://github.com/sparkle-project/Sparkle",
      "state" : {
        "revision" : "066e75a8b3e99962685d6a90cdd5293ebffd9261",
        "version" : "2.9.1"
      }
    }
  ],
  "version" : 3
}
