// !$*UTF8*$!
{
	archiveVersion = 1;
	classes = {
	};
	objectVersion = 77;
	objects = {

/* Begin PBXBuildFile section */
		057DEA137FBCB5D08BFC72E5 /* ScreenCaptureKit.framework in Frameworks */ = {isa = PBXBuildFile; fileRef = 5074B5E5D9B38763D42B6A11 /* ScreenCaptureKit.framework */; };
		06D5F20E2A2C8DE388596F7B /* RuntimeEnvironmentTests.swift in Sources */ = {isa = PBXBuildFile; fileRef = 6243F10E6B85BAB16101F7ED /* RuntimeEnvironmentTests.swift */; };
		0C86153A76280A714D14064C /* AttachmentLibrary.swift in Sources */ = {isa = PBXBuildFile; fileRef = 260535EA55A7077EF9904AB9 /* AttachmentLibrary.swift */; };
		0EDDE37BF54C746A6850E4BD /* Carbon.framework in Frameworks */ = {isa = PBXBuildFile; fileRef = 733316E4538EF5998654016C /* Carbon.framework */; };
		126FC6E4086CB45999C8E061 /* SegmentedKnob.swift in Sources */ = {isa = PBXBuildFile; fileRef = B04C0693E2C9BD76FF86EE71 /* SegmentedKnob.swift */; };
		141FECBD6B88306196043D11 /* OverlayKeyRouter.swift in Sources */ = {isa = PBXBuildFile; fileRef = 9E32E4BBACE5DF974ECBA567 /* OverlayKeyRouter.swift */; };
		2539996FFB32469EA31B33EF /* BlinkCoordinator.swift in Sources */ = {isa = PBXBuildFile; fileRef = 66FABBDB2F53390DEBAB840B /* BlinkCoordinator.swift */; };
		25F8E55421DC2B55922B6CC4 /* BlinkApp.swift in Sources */ = {isa = PBXBuildFile; fileRef = 989DBB159CA5CB427CCCADEF /* BlinkApp.swift */; };
		2798D0C6537E90C28F2675DC /* ReasoningLevels.swift in Sources */ = {isa = PBXBuildFile; fileRef = 27D0B2B2B307FC1ADBEE1FEF /* ReasoningLevels.swift */; };
		306B885B6AAA648621E120A0 /* ArtifactWriter.swift in Sources */ = {isa = PBXBuildFile; fileRef = 111C775580802A86D963BB01 /* ArtifactWriter.swift */; };
		33C573A56F6C45BECD9B7AD1 /* RuntimeConfigStoreTests.swift in Sources */ = {isa = PBXBuildFile; fileRef = A1963ECCAE188CCB829B8C18 /* RuntimeConfigStoreTests.swift */; };
		379BE397E0BCBF416D7CF8ED /* SoundEffects.swift in Sources */ = {isa = PBXBuildFile; fileRef = 3D804AB181B0B3965CEFDBC8 /* SoundEffects.swift */; };
		39EF5881D30049E64A6BC7B1 /* FocusedContextCapture.swift in Sources */ = {isa = PBXBuildFile; fileRef = BE528B648E6A873778F7825C /* FocusedContextCapture.swift */; };
		4E51D45A9FC41BF18AC711B8 /* PythonRunner.swift in Sources */ = {isa = PBXBuildFile; fileRef = A9F3716E531AB6065FA4DA33 /* PythonRunner.swift */; };
		50308AE5E3F7FADD8F91C786 /* ScreenAnnotator.swift in Sources */ = {isa = PBXBuildFile; fileRef = 01FAB83B694C8DA0E150B694 /* ScreenAnnotator.swift */; };
		5034D548DBD4618C27B58073 /* LibraryStripView.swift in Sources */ = {isa = PBXBuildFile; fileRef = 4F40CDC441E9D455D7493380 /* LibraryStripView.swift */; };
		50A4A16EE854798A4369814C /* RuntimeConfigStore.swift in Sources */ = {isa = PBXBuildFile; fileRef = CF99A877E92A6ECE706AD047 /* RuntimeConfigStore.swift */; };
		55FA34BCDFA70E8255B56D26 /* HotkeyManager.swift in Sources */ = {isa = PBXBuildFile; fileRef = 5F2F8ECC3DDEC7F451E2E3F5 /* HotkeyManager.swift */; };
		5AE8C2982313295822865BA5 /* ImageDiagnostics.swift in Sources */ = {isa = PBXBuildFile; fileRef = ECC464D8DF07EFDA1061E9BB /* ImageDiagnostics.swift */; };
		5DB3E531F79B3772D84B7949 /* StyleSettingsView.swift in Sources */ = {isa = PBXBuildFile; fileRef = F198B215CB11B569047AA51E /* StyleSettingsView.swift */; };
		5EC90CA7FCF9628D1FA931F7 /* ControlWindow.swift in Sources */ = {isa = PBXBuildFile; fileRef = 5B0476F717FE6D32A76C485D /* ControlWindow.swift */; };
		610D54EBF0E3177C8EF6C88B /* Assets.xcassets in Resources */ = {isa = PBXBuildFile; fileRef = 904AE99B338B9CB4A3594DDB /* Assets.xcassets */; };
		614EF5D57340907D29C96DC0 /* ScreenCaptureTests.swift in Sources */ = {isa = PBXBuildFile; fileRef = 8D1D256634AE2038DF11CAF0 /* ScreenCaptureTests.swift */; };
		6236E723BC574777D616DE37 /* Sparkle in Frameworks */ = {isa = PBXBuildFile; productRef = 274CBBE4DC64F9737B66DCB6 /* Sparkle */; };
		647C68DE1CAF90DC99650812 /* PermissionsActions.swift in Sources */ = {isa = PBXBuildFile; fileRef = 4214D54A0ABE9369A9BBC560 /* PermissionsActions.swift */; };
		683A719911D06F63A2CD0855 /* PendingRunStore.swift in Sources */ = {isa = PBXBuildFile; fileRef = D09A9B49E2527834A24F7B5D /* PendingRunStore.swift */; };
		773D7A811078F87E4771C0DA /* PermissionFlow in Frameworks */ = {isa = PBXBuildFile; productRef = 71B7439E5F2E382C7BB997BB /* PermissionFlow */; };
		7A67FB3C16E6F5FA23C06607 /* HotkeyTests.swift in Sources */ = {isa = PBXBuildFile; fileRef = 2A5D0B7F3752EB8BEEA49662 /* HotkeyTests.swift */; };
		7CF606DC505B6CA2775CB68A /* ApplicationServices.framework in Frameworks */ = {isa = PBXBuildFile; fileRef = 40A3234FC54834D91492DCC2 /* ApplicationServices.framework */; };
		7EF91A37D94AB43F2497F3FD /* Quartz.framework in Frameworks */ = {isa = PBXBuildFile; fileRef = 6936322431A6B58771E79D13 /* Quartz.framework */; };
		82E75EA185D639BCEEBBE173 /* BackgroundActivityMonitor.swift in Sources */ = {isa = PBXBuildFile; fileRef = 63773B7AAD12CC1271A3F24B /* BackgroundActivityMonitor.swift */; };
		8550B2497B8E60C5C41CC218 /* IOKit.framework in Frameworks */ = {isa = PBXBuildFile; fileRef = 7907A5FA8563D8D62D8A0538 /* IOKit.framework */; };
		85F2AEEC97F66C7399E832C0 /* FocusedContextCaptureTests.swift in Sources */ = {isa = PBXBuildFile; fileRef = 040D699C80AB14DC7CA7180F /* FocusedContextCaptureTests.swift */; };
		875FED3FFB2C90AEAF04377E /* MainMenuBuilder.swift in Sources */ = {isa = PBXBuildFile; fileRef = 57DACF3FA704D662C3561C5E /* MainMenuBuilder.swift */; };
		8D89F453B4B447F3C165D8C2 /* RuntimeEnvironment.swift in Sources */ = {isa = PBXBuildFile; fileRef = F508C4F9E4A91770F8CAB40E /* RuntimeEnvironment.swift */; };
		980F1B428389277B4F6AAD36 /* NudgeOverlay.swift in Sources */ = {isa = PBXBuildFile; fileRef = 154F4742F71E9F393ABEFA51 /* NudgeOverlay.swift */; };
		989A18FB0C1C4C8D04079543 /* NudgeCoordinator.swift in Sources */ = {isa = PBXBuildFile; fileRef = 63EE599D056F4C586829ACA2 /* NudgeCoordinator.swift */; };
		9BAE9B795541CD3B0E66653E /* PermissionsSettingsView.swift in Sources */ = {isa = PBXBuildFile; fileRef = 79FD4897B5E37052B916E3C6 /* PermissionsSettingsView.swift */; };
		9C4F5B01E1D71DEF511D97ED /* JSONFiles.swift in Sources */ = {isa = PBXBuildFile; fileRef = 5003916E3C9E51FF96494423 /* JSONFiles.swift */; };
		9CECACA6A5BB320EED2BD834 /* WindowAXTreeCapture.swift in Sources */ = {isa = PBXBuildFile; fileRef = 496D944D4DFBD05EC2DEB5CD /* WindowAXTreeCapture.swift */; };
		A19A16C5B1CA08F3C61BB513 /* AboutMeTextEditor.swift in Sources */ = {isa = PBXBuildFile; fileRef = 3B6A4F1D256A1BB62E0C9EEF /* AboutMeTextEditor.swift */; };
		A30D6C3A6254EAFAD013A514 /* ReasoningLevelsTests.swift in Sources */ = {isa = PBXBuildFile; fileRef = F4A41FA81E0F7BC70D97E7F3 /* ReasoningLevelsTests.swift */; };
		A343378F57CCFA1434935296 /* tldr.json in Resources */ = {isa = PBXBuildFile; fileRef = 9C2C613B92765D6101795F64 /* tldr.json */; };
		A5051A22F1FD8E5EE605A31C /* SuggestionsOverlay.swift in Sources */ = {isa = PBXBuildFile; fileRef = 4E90C81EEE3D3E38D9FE1E76 /* SuggestionsOverlay.swift */; };
		A9C965B96FCBA403AE5FF3E6 /* TLDROverlayText.swift in Sources */ = {isa = PBXBuildFile; fileRef = EACD3E5125A3D70AEDCEC150 /* TLDROverlayText.swift */; };
		B04B3D3A6949110D27457C9C /* PermissionsWindow.swift in Sources */ = {isa = PBXBuildFile; fileRef = D985E3387E960D1262D8EAA4 /* PermissionsWindow.swift */; };
		B2C37DAAFD3A5196C78DB501 /* GeneralSettingsView.swift in Sources */ = {isa = PBXBuildFile; fileRef = 3A7EBBBA7E0240FA9EA054D3 /* GeneralSettingsView.swift */; };
		B2CA2CC5BCB4DD5D58F6C5A1 /* LibrarySettingsView.swift in Sources */ = {isa = PBXBuildFile; fileRef = 9B33A3582DD2122539F1ABEB /* LibrarySettingsView.swift */; };
		B5CB41CE3B34888B9091D324 /* OnboardingChatMockWindow.swift in Sources */ = {isa = PBXBuildFile; fileRef = 5B18A0C82F52C2738BBC06CB /* OnboardingChatMockWindow.swift */; };
		B82573088A91D3E3C93A0DBC /* ScreenAnnotatorTests.swift in Sources */ = {isa = PBXBuildFile; fileRef = 69F2731FA7A6D053A6388EA8 /* ScreenAnnotatorTests.swift */; };
		C555231889A49F9834BC5D16 /* SettingsWindow.swift in Sources */ = {isa = PBXBuildFile; fileRef = 41BACCF164226F25B851C687 /* SettingsWindow.swift */; };
		C71A7774C8F984B93B771730 /* ModelChoices.swift in Sources */ = {isa = PBXBuildFile; fileRef = 1B874CA83CFFA290563A148F /* ModelChoices.swift */; };
		C7A3F03FC086958582E20328 /* SuggestionDetail.swift in Sources */ = {isa = PBXBuildFile; fileRef = 426B07C0195BA5BE4C6F7857 /* SuggestionDetail.swift */; };
		C817AE456EF62E0578C673B2 /* SuggestionChoiceState.swift in Sources */ = {isa = PBXBuildFile; fileRef = 9BE88F8F8D46A852AA98AC42 /* SuggestionChoiceState.swift */; };
		C864ED9CE85231178F12B9F1 /* PermissionFlowExtendedStatus in Frameworks */ = {isa = PBXBuildFile; productRef = 006F33F7E8CC040624F639A0 /* PermissionFlowExtendedStatus */; };
		C971D556C829BE1101F2EC1D /* SuggestionChoiceStateTests.swift in Sources */ = {isa = PBXBuildFile; fileRef = AC02E623B66431ABA042FD7C /* SuggestionChoiceStateTests.swift */; };
		CD09576539039F9AE8E7F933 /* BlinkEventClientTests.swift in Sources */ = {isa = PBXBuildFile; fileRef = 1BE54F912B8681BB5193B053 /* BlinkEventClientTests.swift */; };
		D0104C9D64B43780F862BA88 /* CaptureModeDeriverTests.swift in Sources */ = {isa = PBXBuildFile; fileRef = 306D47BFEED3170673EF3BAA /* CaptureModeDeriverTests.swift */; };
		D104FE490D8660B2C0C81706 /* SelectionCaptureTests.swift in Sources */ = {isa = PBXBuildFile; fileRef = 8685E69E5ED32A19520D0C1C /* SelectionCaptureTests.swift */; };
		D480D4B8BC8F46752EE261B6 /* AppKit.framework in Frameworks */ = {isa = PBXBuildFile; fileRef = CBFD0424E841D9B578986EF2 /* AppKit.framework */; };
		D5F87C7631EDC265C21F8EF2 /* TLDROverlayTextTests.swift in Sources */ = {isa = PBXBuildFile; fileRef = 81737ADBA9EC614DB7528265 /* TLDROverlayTextTests.swift */; };
		D760D941705366FB3ED8B5FC /* BlinkEventClient.swift in Sources */ = {isa = PBXBuildFile; fileRef = 642D85242B0A3BAA47E49409 /* BlinkEventClient.swift */; };
		DF7F004F4F35FCC0321A15B4 /* Inserter.swift in Sources */ = {isa = PBXBuildFile; fileRef = 71B0F9AAF9A7972C08DC337C /* Inserter.swift */; };
		E26600A22917C3ADD360B2E0 /* Hotkey.swift in Sources */ = {isa = PBXBuildFile; fileRef = A2EF34A50A57C1CF8722B81A /* Hotkey.swift */; };
		E2841BBE26D8D2E57611B2C8 /* PendingRunStoreTests.swift in Sources */ = {isa = PBXBuildFile; fileRef = 74B1FFD588F30CF37132F363 /* PendingRunStoreTests.swift */; };
		E3717144A411C67F8EFFA185 /* SelectionCapture.swift in Sources */ = {isa = PBXBuildFile; fileRef = 194BFB2BFBDC0ADD2669BAA7 /* SelectionCapture.swift */; };
		E41C2B60366AF0F2E7DFDB87 /* AdvancedSettingsView.swift in Sources */ = {isa = PBXBuildFile; fileRef = 379DADF515629A9A726AA235 /* AdvancedSettingsView.swift */; };
		E533E632BDBEEF319433C10D /* ScreenCapture.swift in Sources */ = {isa = PBXBuildFile; fileRef = BDB3235C66F26F64CAF27D26 /* ScreenCapture.swift */; };
		F3497B0C6C8B84A41D3D9E20 /* MenubarController.swift in Sources */ = {isa = PBXBuildFile; fileRef = 009080B616A8506A5210AC26 /* MenubarController.swift */; };
		F98F38FA0D707A3CDDD1C94B /* Config.swift in Sources */ = {isa = PBXBuildFile; fileRef = B6CFA143AF216667464AF0DE /* Config.swift */; };
		FBA4A540708D0BA00A2BDD15 /* CaptureModeDeriver.swift in Sources */ = {isa = PBXBuildFile; fileRef = B2FDBB8FC33DE2F5D3D76871 /* CaptureModeDeriver.swift */; };
/* End PBXBuildFile section */

/* Begin PBXContainerItemProxy section */
		085974DFCB2BECF3DC6BFAD7 /* PBXContainerItemProxy */ = {
			isa = PBXContainerItemProxy;
			containerPortal = 5F716E18902DA7ABF2287DDD /* Project object */;
			proxyType = 1;
			remoteGlobalIDString = 4F7B28CBF14815045A9B7C0C;
			remoteInfo = Blink;
		};
/* End PBXContainerItemProxy section */

/* Begin PBXFileReference section */
		009080B616A8506A5210AC26 /* MenubarController.swift */ = {isa = PBXFileReference; lastKnownFileType = sourcecode.swift; path = MenubarController.swift; sourceTree = "<group>"; };
		01FAB83B694C8DA0E150B694 /* ScreenAnnotator.swift */ = {isa = PBXFileReference; lastKnownFileType = sourcecode.swift; path = ScreenAnnotator.swift; sourceTree = "<group>"; };
		040D699C80AB14DC7CA7180F /* FocusedContextCaptureTests.swift */ = {isa = PBXFileReference; lastKnownFileType = sourcecode.swift; path = FocusedContextCaptureTests.swift; sourceTree = "<group>"; };
		0B47EB8B7273BB95141192DE /* Info.plist */ = {isa = PBXFileReference; lastKnownFileType = text.plist; path = Info.plist; sourceTree = "<group>"; };
		111C775580802A86D963BB01 /* ArtifactWriter.swift */ = {isa = PBXFileReference; lastKnownFileType = sourcecode.swift; path = ArtifactWriter.swift; sourceTree = "<group>"; };
		154F4742F71E9F393ABEFA51 /* NudgeOverlay.swift */ = {isa = PBXFileReference; lastKnownFileType = sourcecode.swift; path = NudgeOverlay.swift; sourceTree = "<group>"; };
		194BFB2BFBDC0ADD2669BAA7 /* SelectionCapture.swift */ = {isa = PBXFileReference; lastKnownFileType = sourcecode.swift; path = SelectionCapture.swift; sourceTree = "<group>"; };
		1B874CA83CFFA290563A148F /* ModelChoices.swift */ = {isa = PBXFileReference; lastKnownFileType = sourcecode.swift; path = ModelChoices.swift; sourceTree = "<group>"; };
		1BE54F912B8681BB5193B053 /* BlinkEventClientTests.swift */ = {isa = PBXFileReference; lastKnownFileType = sourcecode.swift; path = BlinkEventClientTests.swift; sourceTree = "<group>"; };
		260535EA55A7077EF9904AB9 /* AttachmentLibrary.swift */ = {isa = PBXFileReference; lastKnownFileType = sourcecode.swift; path = AttachmentLibrary.swift; sourceTree = "<group>"; };
		27D0B2B2B307FC1ADBEE1FEF /* ReasoningLevels.swift */ = {isa = PBXFileReference; lastKnownFileType = sourcecode.swift; path = ReasoningLevels.swift; sourceTree = "<group>"; };
		2A5D0B7F3752EB8BEEA49662 /* HotkeyTests.swift */ = {isa = PBXFileReference; lastKnownFileType = sourcecode.swift; path = HotkeyTests.swift; sourceTree = "<group>"; };
		306D47BFEED3170673EF3BAA /* CaptureModeDeriverTests.swift */ = {isa = PBXFileReference; lastKnownFileType = sourcecode.swift; path = CaptureModeDeriverTests.swift; sourceTree = "<group>"; };
		379DADF515629A9A726AA235 /* AdvancedSettingsView.swift */ = {isa = PBXFileReference; lastKnownFileType = sourcecode.swift; path = AdvancedSettingsView.swift; sourceTree = "<group>"; };
		3A7EBBBA7E0240FA9EA054D3 /* GeneralSettingsView.swift */ = {isa = PBXFileReference; lastKnownFileType = sourcecode.swift; path = GeneralSettingsView.swift; sourceTree = "<group>"; };
		3B6A4F1D256A1BB62E0C9EEF /* AboutMeTextEditor.swift */ = {isa = PBXFileReference; lastKnownFileType = sourcecode.swift; path = AboutMeTextEditor.swift; sourceTree = "<group>"; };
		3D804AB181B0B3965CEFDBC8 /* SoundEffects.swift */ = {isa = PBXFileReference; lastKnownFileType = sourcecode.swift; path = SoundEffects.swift; sourceTree = "<group>"; };
		40A3234FC54834D91492DCC2 /* ApplicationServices.framework */ = {isa = PBXFileReference; lastKnownFileType = wrapper.framework; name = ApplicationServices.framework; path = System/Library/Frameworks/ApplicationServices.framework; sourceTree = SDKROOT; };
		41BACCF164226F25B851C687 /* SettingsWindow.swift */ = {isa = PBXFileReference; lastKnownFileType = sourcecode.swift; path = SettingsWindow.swift; sourceTree = "<group>"; };
		4214D54A0ABE9369A9BBC560 /* PermissionsActions.swift */ = {isa = PBXFileReference; lastKnownFileType = sourcecode.swift; path = PermissionsActions.swift; sourceTree = "<group>"; };
		426B07C0195BA5BE4C6F7857 /* SuggestionDetail.swift */ = {isa = PBXFileReference; lastKnownFileType = sourcecode.swift; path = SuggestionDetail.swift; sourceTree = "<group>"; };
		48431B2C296BDB92BF0BB93C /* Blink.app */ = {isa = PBXFileReference; explicitFileType = wrapper.application; includeInIndex = 0; path = Blink.app; sourceTree = BUILT_PRODUCTS_DIR; };
		496D944D4DFBD05EC2DEB5CD /* WindowAXTreeCapture.swift */ = {isa = PBXFileReference; lastKnownFileType = sourcecode.swift; path = WindowAXTreeCapture.swift; sourceTree = "<group>"; };
		4E90C81EEE3D3E38D9FE1E76 /* SuggestionsOverlay.swift */ = {isa = PBXFileReference; lastKnownFileType = sourcecode.swift; path = SuggestionsOverlay.swift; sourceTree = "<group>"; };
		4F40CDC441E9D455D7493380 /* LibraryStripView.swift */ = {isa = PBXFileReference; lastKnownFileType = sourcecode.swift; path = LibraryStripView.swift; sourceTree = "<group>"; };
		5003916E3C9E51FF96494423 /* JSONFiles.swift */ = {isa = PBXFileReference; lastKnownFileType = sourcecode.swift; path = JSONFiles.swift; sourceTree = "<group>"; };
		5074B5E5D9B38763D42B6A11 /* ScreenCaptureKit.framework */ = {isa = PBXFileReference; lastKnownFileType = wrapper.framework; name = ScreenCaptureKit.framework; path = System/Library/Frameworks/ScreenCaptureKit.framework; sourceTree = SDKROOT; };
		57DACF3FA704D662C3561C5E /* MainMenuBuilder.swift */ = {isa = PBXFileReference; lastKnownFileType = sourcecode.swift; path = MainMenuBuilder.swift; sourceTree = "<group>"; };
		5B0476F717FE6D32A76C485D /* ControlWindow.swift */ = {isa = PBXFileReference; lastKnownFileType = sourcecode.swift; path = ControlWindow.swift; sourceTree = "<group>"; };
		5B18A0C82F52C2738BBC06CB /* OnboardingChatMockWindow.swift */ = {isa = PBXFileReference; lastKnownFileType = sourcecode.swift; path = OnboardingChatMockWindow.swift; sourceTree = "<group>"; };
		5F2F8ECC3DDEC7F451E2E3F5 /* HotkeyManager.swift */ = {isa = PBXFileReference; lastKnownFileType = sourcecode.swift; path = HotkeyManager.swift; sourceTree = "<group>"; };
		6243F10E6B85BAB16101F7ED /* RuntimeEnvironmentTests.swift */ = {isa = PBXFileReference; lastKnownFileType = sourcecode.swift; path = RuntimeEnvironmentTests.swift; sourceTree = "<group>"; };
		63773B7AAD12CC1271A3F24B /* BackgroundActivityMonitor.swift */ = {isa = PBXFileReference; lastKnownFileType = sourcecode.swift; path = BackgroundActivityMonitor.swift; sourceTree = "<group>"; };
		63EE599D056F4C586829ACA2 /* NudgeCoordinator.swift */ = {isa = PBXFileReference; lastKnownFileType = sourcecode.swift; path = NudgeCoordinator.swift; sourceTree = "<group>"; };
		642D85242B0A3BAA47E49409 /* BlinkEventClient.swift */ = {isa = PBXFileReference; lastKnownFileType = sourcecode.swift; path = BlinkEventClient.swift; sourceTree = "<group>"; };
		66FABBDB2F53390DEBAB840B /* BlinkCoordinator.swift */ = {isa = PBXFileReference; lastKnownFileType = sourcecode.swift; path = BlinkCoordinator.swift; sourceTree = "<group>"; };
		6936322431A6B58771E79D13 /* Quartz.framework */ = {isa = PBXFileReference; lastKnownFileType = wrapper.framework; name = Quartz.framework; path = System/Library/Frameworks/Quartz.framework; sourceTree = SDKROOT; };
		69F2731FA7A6D053A6388EA8 /* ScreenAnnotatorTests.swift */ = {isa = PBXFileReference; lastKnownFileType = sourcecode.swift; path = ScreenAnnotatorTests.swift; sourceTree = "<group>"; };
		71B0F9AAF9A7972C08DC337C /* Inserter.swift */ = {isa = PBXFileReference; lastKnownFileType = sourcecode.swift; path = Inserter.swift; sourceTree = "<group>"; };
		733316E4538EF5998654016C /* Carbon.framework */ = {isa = PBXFileReference; lastKnownFileType = wrapper.framework; name = Carbon.framework; path = System/Library/Frameworks/Carbon.framework; sourceTree = SDKROOT; };
		74B1FFD588F30CF37132F363 /* PendingRunStoreTests.swift */ = {isa = PBXFileReference; lastKnownFileType = sourcecode.swift; path = PendingRunStoreTests.swift; sourceTree = "<group>"; };
		7907A5FA8563D8D62D8A0538 /* IOKit.framework */ = {isa = PBXFileReference; lastKnownFileType = wrapper.framework; name = IOKit.framework; path = System/Library/Frameworks/IOKit.framework; sourceTree = SDKROOT; };
		79FD4897B5E37052B916E3C6 /* PermissionsSettingsView.swift */ = {isa = PBXFileReference; lastKnownFileType = sourcecode.swift; path = PermissionsSettingsView.swift; sourceTree = "<group>"; };
		81737ADBA9EC614DB7528265 /* TLDROverlayTextTests.swift */ = {isa = PBXFileReference; lastKnownFileType = sourcecode.swift; path = TLDROverlayTextTests.swift; sourceTree = "<group>"; };
		83CABA226B77C41C6ED8BE26 /* BlinkTests.xctest */ = {isa = PBXFileReference; explicitFileType = wrapper.cfbundle; includeInIndex = 0; path = BlinkTests.xctest; sourceTree = BUILT_PRODUCTS_DIR; };
		8685E69E5ED32A19520D0C1C /* SelectionCaptureTests.swift */ = {isa = PBXFileReference; lastKnownFileType = sourcecode.swift; path = SelectionCaptureTests.swift; sourceTree = "<group>"; };
		8C3FE352EB3AFEEB76ECBD6B /* Blink.entitlements */ = {isa = PBXFileReference; lastKnownFileType = text.plist.entitlements; path = Blink.entitlements; sourceTree = "<group>"; };
		8D1D256634AE2038DF11CAF0 /* ScreenCaptureTests.swift */ = {isa = PBXFileReference; lastKnownFileType = sourcecode.swift; path = ScreenCaptureTests.swift; sourceTree = "<group>"; };
		904AE99B338B9CB4A3594DDB /* Assets.xcassets */ = {isa = PBXFileReference; lastKnownFileType = folder.assetcatalog; path = Assets.xcassets; sourceTree = "<group>"; };
		989DBB159CA5CB427CCCADEF /* BlinkApp.swift */ = {isa = PBXFileReference; lastKnownFileType = sourcecode.swift; path = BlinkApp.swift; sourceTree = "<group>"; };
		9B33A3582DD2122539F1ABEB /* LibrarySettingsView.swift */ = {isa = PBXFileReference; lastKnownFileType = sourcecode.swift; path = LibrarySettingsView.swift; sourceTree = "<group>"; };
		9BE88F8F8D46A852AA98AC42 /* SuggestionChoiceState.swift */ = {isa = PBXFileReference; lastKnownFileType = sourcecode.swift; path = SuggestionChoiceState.swift; sourceTree = "<group>"; };
		9C2C613B92765D6101795F64 /* tldr.json */ = {isa = PBXFileReference; lastKnownFileType = text.json; path = tldr.json; sourceTree = "<group>"; };
		9E32E4BBACE5DF974ECBA567 /* OverlayKeyRouter.swift */ = {isa = PBXFileReference; lastKnownFileType = sourcecode.swift; path = OverlayKeyRouter.swift; sourceTree = "<group>"; };
		A1963ECCAE188CCB829B8C18 /* RuntimeConfigStoreTests.swift */ = {isa = PBXFileReference; lastKnownFileType = sourcecode.swift; path = RuntimeConfigStoreTests.swift; sourceTree = "<group>"; };
		A2EF34A50A57C1CF8722B81A /* Hotkey.swift */ = {isa = PBXFileReference; lastKnownFileType = sourcecode.swift; path = Hotkey.swift; sourceTree = "<group>"; };
		A9F3716E531AB6065FA4DA33 /* PythonRunner.swift */ = {isa = PBXFileReference; lastKnownFileType = sourcecode.swift; path = PythonRunner.swift; sourceTree = "<group>"; };
		AC02E623B66431ABA042FD7C /* SuggestionChoiceStateTests.swift */ = {isa = PBXFileReference; lastKnownFileType = sourcecode.swift; path = SuggestionChoiceStateTests.swift; sourceTree = "<group>"; };
		B04C0693E2C9BD76FF86EE71 /* SegmentedKnob.swift */ = {isa = PBXFileReference; lastKnownFileType = sourcecode.swift; path = SegmentedKnob.swift; sourceTree = "<group>"; };
		B2FDBB8FC33DE2F5D3D76871 /* CaptureModeDeriver.swift */ = {isa = PBXFileReference; lastKnownFileType = sourcecode.swift; path = CaptureModeDeriver.swift; sourceTree = "<group>"; };
		B6CFA143AF216667464AF0DE /* Config.swift */ = {isa = PBXFileReference; lastKnownFileType = sourcecode.swift; path = Config.swift; sourceTree = "<group>"; };
		BDB3235C66F26F64CAF27D26 /* ScreenCapture.swift */ = {isa = PBXFileReference; lastKnownFileType = sourcecode.swift; path = ScreenCapture.swift; sourceTree = "<group>"; };
		BE528B648E6A873778F7825C /* FocusedContextCapture.swift */ = {isa = PBXFileReference; lastKnownFileType = sourcecode.swift; path = FocusedContextCapture.swift; sourceTree = "<group>"; };
		CBFD0424E841D9B578986EF2 /* AppKit.framework */ = {isa = PBXFileReference; lastKnownFileType = wrapper.framework; name = AppKit.framework; path = System/Library/Frameworks/AppKit.framework; sourceTree = SDKROOT; };
		CF99A877E92A6ECE706AD047 /* RuntimeConfigStore.swift */ = {isa = PBXFileReference; lastKnownFileType = sourcecode.swift; path = RuntimeConfigStore.swift; sourceTree = "<group>"; };
		D09A9B49E2527834A24F7B5D /* PendingRunStore.swift */ = {isa = PBXFileReference; lastKnownFileType = sourcecode.swift; path = PendingRunStore.swift; sourceTree = "<group>"; };
		D985E3387E960D1262D8EAA4 /* PermissionsWindow.swift */ = {isa = PBXFileReference; lastKnownFileType = sourcecode.swift; path = PermissionsWindow.swift; sourceTree = "<group>"; };
		EACD3E5125A3D70AEDCEC150 /* TLDROverlayText.swift */ = {isa = PBXFileReference; lastKnownFileType = sourcecode.swift; path = TLDROverlayText.swift; sourceTree = "<group>"; };
		ECC464D8DF07EFDA1061E9BB /* ImageDiagnostics.swift */ = {isa = PBXFileReference; lastKnownFileType = sourcecode.swift; path = ImageDiagnostics.swift; sourceTree = "<group>"; };
		F198B215CB11B569047AA51E /* StyleSettingsView.swift */ = {isa = PBXFileReference; lastKnownFileType = sourcecode.swift; path = StyleSettingsView.swift; sourceTree = "<group>"; };
		F4A41FA81E0F7BC70D97E7F3 /* ReasoningLevelsTests.swift */ = {isa = PBXFileReference; lastKnownFileType = sourcecode.swift; path = ReasoningLevelsTests.swift; sourceTree = "<group>"; };
		F508C4F9E4A91770F8CAB40E /* RuntimeEnvironment.swift */ = {isa = PBXFileReference; lastKnownFileType = sourcecode.swift; path = RuntimeEnvironment.swift; sourceTree = "<group>"; };
/* End PBXFileReference section */

/* Begin PBXFrameworksBuildPhase section */
		902983FE17424CC10818E8EA /* Frameworks */ = {
			isa = PBXFrameworksBuildPhase;
			buildActionMask = 2147483647;
			files = (
				D480D4B8BC8F46752EE261B6 /* AppKit.framework in Frameworks */,
				7CF606DC505B6CA2775CB68A /* ApplicationServices.framework in Frameworks */,
				057DEA137FBCB5D08BFC72E5 /* ScreenCaptureKit.framework in Frameworks */,
				0EDDE37BF54C746A6850E4BD /* Carbon.framework in Frameworks */,
				8550B2497B8E60C5C41CC218 /* IOKit.framework in Frameworks */,
				7EF91A37D94AB43F2497F3FD /* Quartz.framework in Frameworks */,
				6236E723BC574777D616DE37 /* Sparkle in Frameworks */,
				773D7A811078F87E4771C0DA /* PermissionFlow in Frameworks */,
				C864ED9CE85231178F12B9F1 /* PermissionFlowExtendedStatus in Frameworks */,
			);
			runOnlyForDeploymentPostprocessing = 0;
		};
/* End PBXFrameworksBuildPhase section */

/* Begin PBXGroup section */
		082C8BA94E0BCFA337FD2181 /* Settings */ = {
			isa = PBXGroup;
			children = (
				3B6A4F1D256A1BB62E0C9EEF /* AboutMeTextEditor.swift */,
				379DADF515629A9A726AA235 /* AdvancedSettingsView.swift */,
				3A7EBBBA7E0240FA9EA054D3 /* GeneralSettingsView.swift */,
				79FD4897B5E37052B916E3C6 /* PermissionsSettingsView.swift */,
				B04C0693E2C9BD76FF86EE71 /* SegmentedKnob.swift */,
				F198B215CB11B569047AA51E /* StyleSettingsView.swift */,
			);
			path = Settings;
			sourceTree = "<group>";
		};
		0BB0C5A2989EBC8CD1DD30CF /* Frameworks */ = {
			isa = PBXGroup;
			children = (
				CBFD0424E841D9B578986EF2 /* AppKit.framework */,
				40A3234FC54834D91492DCC2 /* ApplicationServices.framework */,
				733316E4538EF5998654016C /* Carbon.framework */,
				7907A5FA8563D8D62D8A0538 /* IOKit.framework */,
				6936322431A6B58771E79D13 /* Quartz.framework */,
				5074B5E5D9B38763D42B6A11 /* ScreenCaptureKit.framework */,
			);
			name = Frameworks;
			sourceTree = "<group>";
		};
		3FDB09EAD3A96843B3DC2D55 /* Resources */ = {
			isa = PBXGroup;
			children = (
				904AE99B338B9CB4A3594DDB /* Assets.xcassets */,
				A8260CA27F5E4933AB860222 /* onboarding */,
			);
			path = Resources;
			sourceTree = "<group>";
		};
		A668A2BE284733E6CF606FC7 /* Blink */ = {
			isa = PBXGroup;
			children = (
				111C775580802A86D963BB01 /* ArtifactWriter.swift */,
				260535EA55A7077EF9904AB9 /* AttachmentLibrary.swift */,
				63773B7AAD12CC1271A3F24B /* BackgroundActivityMonitor.swift */,
				8C3FE352EB3AFEEB76ECBD6B /* Blink.entitlements */,
				989DBB159CA5CB427CCCADEF /* BlinkApp.swift */,
				66FABBDB2F53390DEBAB840B /* BlinkCoordinator.swift */,
				642D85242B0A3BAA47E49409 /* BlinkEventClient.swift */,
				B2FDBB8FC33DE2F5D3D76871 /* CaptureModeDeriver.swift */,
				B6CFA143AF216667464AF0DE /* Config.swift */,
				5B0476F717FE6D32A76C485D /* ControlWindow.swift */,
				BE528B648E6A873778F7825C /* FocusedContextCapture.swift */,
				A2EF34A50A57C1CF8722B81A /* Hotkey.swift */,
				5F2F8ECC3DDEC7F451E2E3F5 /* HotkeyManager.swift */,
				ECC464D8DF07EFDA1061E9BB /* ImageDiagnostics.swift */,
				0B47EB8B7273BB95141192DE /* Info.plist */,
				71B0F9AAF9A7972C08DC337C /* Inserter.swift */,
				5003916E3C9E51FF96494423 /* JSONFiles.swift */,
				9B33A3582DD2122539F1ABEB /* LibrarySettingsView.swift */,
				4F40CDC441E9D455D7493380 /* LibraryStripView.swift */,
				57DACF3FA704D662C3561C5E /* MainMenuBuilder.swift */,
				009080B616A8506A5210AC26 /* MenubarController.swift */,
				1B874CA83CFFA290563A148F /* ModelChoices.swift */,
				63EE599D056F4C586829ACA2 /* NudgeCoordinator.swift */,
				154F4742F71E9F393ABEFA51 /* NudgeOverlay.swift */,
				5B18A0C82F52C2738BBC06CB /* OnboardingChatMockWindow.swift */,
				9E32E4BBACE5DF974ECBA567 /* OverlayKeyRouter.swift */,
				D09A9B49E2527834A24F7B5D /* PendingRunStore.swift */,
				4214D54A0ABE9369A9BBC560 /* PermissionsActions.swift */,
				D985E3387E960D1262D8EAA4 /* PermissionsWindow.swift */,
				A9F3716E531AB6065FA4DA33 /* PythonRunner.swift */,
				27D0B2B2B307FC1ADBEE1FEF /* ReasoningLevels.swift */,
				CF99A877E92A6ECE706AD047 /* RuntimeConfigStore.swift */,
				F508C4F9E4A91770F8CAB40E /* RuntimeEnvironment.swift */,
				01FAB83B694C8DA0E150B694 /* ScreenAnnotator.swift */,
				BDB3235C66F26F64CAF27D26 /* ScreenCapture.swift */,
				194BFB2BFBDC0ADD2669BAA7 /* SelectionCapture.swift */,
				41BACCF164226F25B851C687 /* SettingsWindow.swift */,
				3D804AB181B0B3965CEFDBC8 /* SoundEffects.swift */,
				9BE88F8F8D46A852AA98AC42 /* SuggestionChoiceState.swift */,
				426B07C0195BA5BE4C6F7857 /* SuggestionDetail.swift */,
				4E90C81EEE3D3E38D9FE1E76 /* SuggestionsOverlay.swift */,
				EACD3E5125A3D70AEDCEC150 /* TLDROverlayText.swift */,
				496D944D4DFBD05EC2DEB5CD /* WindowAXTreeCapture.swift */,
				082C8BA94E0BCFA337FD2181 /* Settings */,
			);
			path = Blink;
			sourceTree = "<group>";
		};
		A8260CA27F5E4933AB860222 /* onboarding */ = {
			isa = PBXGroup;
			children = (
				9C2C613B92765D6101795F64 /* tldr.json */,
			);
			path = onboarding;
			sourceTree = "<group>";
		};
		B23DD3B5EFB562B7C2FAEE85 = {
			isa = PBXGroup;
			children = (
				A668A2BE284733E6CF606FC7 /* Blink */,
				ED4A683DB64EC1ACF4A0AB0F /* BlinkTests */,
				3FDB09EAD3A96843B3DC2D55 /* Resources */,
				0BB0C5A2989EBC8CD1DD30CF /* Frameworks */,
				E370FA75E2B9CA960A6CB41D /* Products */,
			);
			sourceTree = "<group>";
		};
		E370FA75E2B9CA960A6CB41D /* Products */ = {
			isa = PBXGroup;
			children = (
				48431B2C296BDB92BF0BB93C /* Blink.app */,
				83CABA226B77C41C6ED8BE26 /* BlinkTests.xctest */,
			);
			name = Products;
			sourceTree = "<group>";
		};
		ED4A683DB64EC1ACF4A0AB0F /* BlinkTests */ = {
			isa = PBXGroup;
			children = (
				1BE54F912B8681BB5193B053 /* BlinkEventClientTests.swift */,
				306D47BFEED3170673EF3BAA /* CaptureModeDeriverTests.swift */,
				040D699C80AB14DC7CA7180F /* FocusedContextCaptureTests.swift */,
				2A5D0B7F3752EB8BEEA49662 /* HotkeyTests.swift */,
				74B1FFD588F30CF37132F363 /* PendingRunStoreTests.swift */,
				F4A41FA81E0F7BC70D97E7F3 /* ReasoningLevelsTests.swift */,
				A1963ECCAE188CCB829B8C18 /* RuntimeConfigStoreTests.swift */,
				6243F10E6B85BAB16101F7ED /* RuntimeEnvironmentTests.swift */,
				69F2731FA7A6D053A6388EA8 /* ScreenAnnotatorTests.swift */,
				8D1D256634AE2038DF11CAF0 /* ScreenCaptureTests.swift */,
				8685E69E5ED32A19520D0C1C /* SelectionCaptureTests.swift */,
				AC02E623B66431ABA042FD7C /* SuggestionChoiceStateTests.swift */,
				81737ADBA9EC614DB7528265 /* TLDROverlayTextTests.swift */,
			);
			path = BlinkTests;
			sourceTree = "<group>";
		};
/* End PBXGroup section */

/* Begin PBXNativeTarget section */
		4F7B28CBF14815045A9B7C0C /* Blink */ = {
			isa = PBXNativeTarget;
			buildConfigurationList = 9CDF5C024DE739BC28A35BFC /* Build configuration list for PBXNativeTarget "Blink" */;
			buildPhases = (
				220E4869925F21CE047FE660 /* Sources */,
				07E93D54A8EE5A9D8BE83B8D /* Resources */,
				902983FE17424CC10818E8EA /* Frameworks */,
			);
			buildRules = (
			);
			dependencies = (
			);
			name = Blink;
			packageProductDependencies = (
				274CBBE4DC64F9737B66DCB6 /* Sparkle */,
				71B7439E5F2E382C7BB997BB /* PermissionFlow */,
				006F33F7E8CC040624F639A0 /* PermissionFlowExtendedStatus */,
			);
			productName = Blink;
			productReference = 48431B2C296BDB92BF0BB93C /* Blink.app */;
			productType = "com.apple.product-type.application";
		};
		BE1454EFB82FC7D2C94FB354 /* BlinkTests */ = {
			isa = PBXNativeTarget;
			buildConfigurationList = 563DE6CE260D3D1FF908B1E3 /* Build configuration list for PBXNativeTarget "BlinkTests" */;
			buildPhases = (
				ECB7CA7626BA3BE05D858C02 /* Sources */,
			);
			buildRules = (
			);
			dependencies = (
				122910C30ED2A97A0698C78F /* PBXTargetDependency */,
			);
			name = BlinkTests;
			packageProductDependencies = (
			);
			productName = BlinkTests;
			productReference = 83CABA226B77C41C6ED8BE26 /* BlinkTests.xctest */;
			productType = "com.apple.product-type.bundle.unit-test";
		};
/* End PBXNativeTarget section */

/* Begin PBXProject section */
		5F716E18902DA7ABF2287DDD /* Project object */ = {
			isa = PBXProject;
			attributes = {
				BuildIndependentTargetsInParallel = YES;
				LastUpgradeCheck = 1430;
				TargetAttributes = {
					4F7B28CBF14815045A9B7C0C = {
						DevelopmentTeam = "$(BLINK_DEVELOPMENT_TEAM)";
						ProvisioningStyle = Manual;
					};
					BE1454EFB82FC7D2C94FB354 = {
						DevelopmentTeam = "$(BLINK_DEVELOPMENT_TEAM)";
						ProvisioningStyle = Manual;
					};
				};
			};
			buildConfigurationList = 114EF5ED8BC9EE1BB0FAB30B /* Build configuration list for PBXProject "Blink" */;
			developmentRegion = en;
			hasScannedForEncodings = 0;
			knownRegions = (
				Base,
				en,
			);
			mainGroup = B23DD3B5EFB562B7C2FAEE85;
			minimizedProjectReferenceProxies = 1;
			packageReferences = (
				BC88A3C9B91F12CD39B12524 /* XCRemoteSwiftPackageReference "PermissionFlow" */,
				D7718335EF3CD85006FEDFAD /* XCRemoteSwiftPackageReference "Sparkle" */,
			);
			preferredProjectObjectVersion = 77;
			productRefGroup = E370FA75E2B9CA960A6CB41D /* Products */;
			projectDirPath = "";
			projectRoot = "";
			targets = (
				4F7B28CBF14815045A9B7C0C /* Blink */,
				BE1454EFB82FC7D2C94FB354 /* BlinkTests */,
			);
		};
/* End PBXProject section */

/* Begin PBXResourcesBuildPhase section */
		07E93D54A8EE5A9D8BE83B8D /* Resources */ = {
			isa = PBXResourcesBuildPhase;
			buildActionMask = 2147483647;
			files = (
				610D54EBF0E3177C8EF6C88B /* Assets.xcassets in Resources */,
				A343378F57CCFA1434935296 /* tldr.json in Resources */,
			);
			runOnlyForDeploymentPostprocessing = 0;
		};
/* End PBXResourcesBuildPhase section */

/* Begin PBXSourcesBuildPhase section */
		220E4869925F21CE047FE660 /* Sources */ = {
			isa = PBXSourcesBuildPhase;
			buildActionMask = 2147483647;
			files = (
				A19A16C5B1CA08F3C61BB513 /* AboutMeTextEditor.swift in Sources */,
				E41C2B60366AF0F2E7DFDB87 /* AdvancedSettingsView.swift in Sources */,
				306B885B6AAA648621E120A0 /* ArtifactWriter.swift in Sources */,
				0C86153A76280A714D14064C /* AttachmentLibrary.swift in Sources */,
				82E75EA185D639BCEEBBE173 /* BackgroundActivityMonitor.swift in Sources */,
				25F8E55421DC2B55922B6CC4 /* BlinkApp.swift in Sources */,
				2539996FFB32469EA31B33EF /* BlinkCoordinator.swift in Sources */,
				D760D941705366FB3ED8B5FC /* BlinkEventClient.swift in Sources */,
				FBA4A540708D0BA00A2BDD15 /* CaptureModeDeriver.swift in Sources */,
				F98F38FA0D707A3CDDD1C94B /* Config.swift in Sources */,
				5EC90CA7FCF9628D1FA931F7 /* ControlWindow.swift in Sources */,
				39EF5881D30049E64A6BC7B1 /* FocusedContextCapture.swift in Sources */,
				B2C37DAAFD3A5196C78DB501 /* GeneralSettingsView.swift in Sources */,
				E26600A22917C3ADD360B2E0 /* Hotkey.swift in Sources */,
				55FA34BCDFA70E8255B56D26 /* HotkeyManager.swift in Sources */,
				5AE8C2982313295822865BA5 /* ImageDiagnostics.swift in Sources */,
				DF7F004F4F35FCC0321A15B4 /* Inserter.swift in Sources */,
				9C4F5B01E1D71DEF511D97ED /* JSONFiles.swift in Sources */,
				B2CA2CC5BCB4DD5D58F6C5A1 /* LibrarySettingsView.swift in Sources */,
				5034D548DBD4618C27B58073 /* LibraryStripView.swift in Sources */,
				875FED3FFB2C90AEAF04377E /* MainMenuBuilder.swift in Sources */,
				F3497B0C6C8B84A41D3D9E20 /* MenubarController.swift in Sources */,
				C71A7774C8F984B93B771730 /* ModelChoices.swift in Sources */,
				989A18FB0C1C4C8D04079543 /* NudgeCoordinator.swift in Sources */,
				980F1B428389277B4F6AAD36 /* NudgeOverlay.swift in Sources */,
				B5CB41CE3B34888B9091D324 /* OnboardingChatMockWindow.swift in Sources */,
				141FECBD6B88306196043D11 /* OverlayKeyRouter.swift in Sources */,
				683A719911D06F63A2CD0855 /* PendingRunStore.swift in Sources */,
				647C68DE1CAF90DC99650812 /* PermissionsActions.swift in Sources */,
				9BAE9B795541CD3B0E66653E /* PermissionsSettingsView.swift in Sources */,
				B04B3D3A6949110D27457C9C /* PermissionsWindow.swift in Sources */,
				4E51D45A9FC41BF18AC711B8 /* PythonRunner.swift in Sources */,
				2798D0C6537E90C28F2675DC /* ReasoningLevels.swift in Sources */,
				50A4A16EE854798A4369814C /* RuntimeConfigStore.swift in Sources */,
				8D89F453B4B447F3C165D8C2 /* RuntimeEnvironment.swift in Sources */,
				50308AE5E3F7FADD8F91C786 /* ScreenAnnotator.swift in Sources */,
				E533E632BDBEEF319433C10D /* ScreenCapture.swift in Sources */,
				126FC6E4086CB45999C8E061 /* SegmentedKnob.swift in Sources */,
				E3717144A411C67F8EFFA185 /* SelectionCapture.swift in Sources */,
				C555231889A49F9834BC5D16 /* SettingsWindow.swift in Sources */,
				379BE397E0BCBF416D7CF8ED /* SoundEffects.swift in Sources */,
				5DB3E531F79B3772D84B7949 /* StyleSettingsView.swift in Sources */,
				C817AE456EF62E0578C673B2 /* SuggestionChoiceState.swift in Sources */,
				C7A3F03FC086958582E20328 /* SuggestionDetail.swift in Sources */,
				A5051A22F1FD8E5EE605A31C /* SuggestionsOverlay.swift in Sources */,
				A9C965B96FCBA403AE5FF3E6 /* TLDROverlayText.swift in Sources */,
				9CECACA6A5BB320EED2BD834 /* WindowAXTreeCapture.swift in Sources */,
			);
			runOnlyForDeploymentPostprocessing = 0;
		};
		ECB7CA7626BA3BE05D858C02 /* Sources */ = {
			isa = PBXSourcesBuildPhase;
			buildActionMask = 2147483647;
			files = (
				CD09576539039F9AE8E7F933 /* BlinkEventClientTests.swift in Sources */,
				D0104C9D64B43780F862BA88 /* CaptureModeDeriverTests.swift in Sources */,
				85F2AEEC97F66C7399E832C0 /* FocusedContextCaptureTests.swift in Sources */,
				7A67FB3C16E6F5FA23C06607 /* HotkeyTests.swift in Sources */,
				E2841BBE26D8D2E57611B2C8 /* PendingRunStoreTests.swift in Sources */,
				A30D6C3A6254EAFAD013A514 /* ReasoningLevelsTests.swift in Sources */,
				33C573A56F6C45BECD9B7AD1 /* RuntimeConfigStoreTests.swift in Sources */,
				06D5F20E2A2C8DE388596F7B /* RuntimeEnvironmentTests.swift in Sources */,
				B82573088A91D3E3C93A0DBC /* ScreenAnnotatorTests.swift in Sources */,
				614EF5D57340907D29C96DC0 /* ScreenCaptureTests.swift in Sources */,
				D104FE490D8660B2C0C81706 /* SelectionCaptureTests.swift in Sources */,
				C971D556C829BE1101F2EC1D /* SuggestionChoiceStateTests.swift in Sources */,
				D5F87C7631EDC265C21F8EF2 /* TLDROverlayTextTests.swift in Sources */,
			);
			runOnlyForDeploymentPostprocessing = 0;
		};
/* End PBXSourcesBuildPhase section */

/* Begin PBXTargetDependency section */
		122910C30ED2A97A0698C78F /* PBXTargetDependency */ = {
			isa = PBXTargetDependency;
			target = 4F7B28CBF14815045A9B7C0C /* Blink */;
			targetProxy = 085974DFCB2BECF3DC6BFAD7 /* PBXContainerItemProxy */;
		};
/* End PBXTargetDependency section */

/* Begin XCBuildConfiguration section */
		01A119BFF1E989B0A233C246 /* Release */ = {
			isa = XCBuildConfiguration;
			buildSettings = {
				ALWAYS_SEARCH_USER_PATHS = NO;
				ASSETCATALOG_COMPILER_APPICON_NAME = AppIcon;
				CLANG_ANALYZER_NONNULL = YES;
				CLANG_ANALYZER_NUMBER_OBJECT_CONVERSION = YES_AGGRESSIVE;
				CLANG_CXX_LANGUAGE_STANDARD = "gnu++14";
				CLANG_CXX_LIBRARY = "libc++";
				CLANG_ENABLE_MODULES = YES;
				CLANG_ENABLE_OBJC_ARC = YES;
				CLANG_ENABLE_OBJC_WEAK = YES;
				CLANG_WARN_BLOCK_CAPTURE_AUTORELEASING = YES;
				CLANG_WARN_BOOL_CONVERSION = YES;
				CLANG_WARN_COMMA = YES;
				CLANG_WARN_CONSTANT_CONVERSION = YES;
				CLANG_WARN_DEPRECATED_OBJC_IMPLEMENTATIONS = YES;
				CLANG_WARN_DIRECT_OBJC_ISA_USAGE = YES_ERROR;
				CLANG_WARN_DOCUMENTATION_COMMENTS = YES;
				CLANG_WARN_EMPTY_BODY = YES;
				CLANG_WARN_ENUM_CONVERSION = YES;
				CLANG_WARN_INFINITE_RECURSION = YES;
				CLANG_WARN_INT_CONVERSION = YES;
				CLANG_WARN_NON_LITERAL_NULL_CONVERSION = YES;
				CLANG_WARN_OBJC_IMPLICIT_RETAIN_SELF = YES;
				CLANG_WARN_OBJC_LITERAL_CONVERSION = YES;
				CLANG_WARN_OBJC_ROOT_CLASS = YES_ERROR;
				CLANG_WARN_QUOTED_INCLUDE_IN_FRAMEWORK_HEADER = YES;
				CLANG_WARN_RANGE_LOOP_ANALYSIS = YES;
				CLANG_WARN_STRICT_PROTOTYPES = YES;
				CLANG_WARN_SUSPICIOUS_MOVE = YES;
				CLANG_WARN_UNGUARDED_AVAILABILITY = YES_AGGRESSIVE;
				CLANG_WARN_UNREACHABLE_CODE = YES;
				CLANG_WARN__DUPLICATE_METHOD_MATCH = YES;
				CODE_SIGN_ENTITLEMENTS = Blink/Blink.entitlements;
				CODE_SIGN_STYLE = Manual;
				COPY_PHASE_STRIP = NO;
				DEBUG_INFORMATION_FORMAT = "dwarf-with-dsym";
				DEVELOPMENT_TEAM = "$(BLINK_DEVELOPMENT_TEAM)";
				ENABLE_HARDENED_RUNTIME = YES;
				ENABLE_NS_ASSERTIONS = NO;
				ENABLE_STRICT_OBJC_MSGSEND = YES;
				GCC_C_LANGUAGE_STANDARD = gnu11;
				GCC_NO_COMMON_BLOCKS = YES;
				GCC_WARN_64_TO_32_BIT_CONVERSION = YES;
				GCC_WARN_ABOUT_RETURN_TYPE = YES_ERROR;
				GCC_WARN_UNDECLARED_SELECTOR = YES;
				GCC_WARN_UNINITIALIZED_AUTOS = YES_AGGRESSIVE;
				GCC_WARN_UNUSED_FUNCTION = YES;
				GCC_WARN_UNUSED_VARIABLE = YES;
				GENERATE_INFOPLIST_FILE = NO;
				INFOPLIST_FILE = Blink/Info.plist;
				MACOSX_DEPLOYMENT_TARGET = 14.0;
				MTL_ENABLE_DEBUG_INFO = NO;
				MTL_FAST_MATH = YES;
				OTHER_CODE_SIGN_FLAGS = "--options=runtime";
				PRODUCT_BUNDLE_IDENTIFIER = com.henryz2004.blink;
				PRODUCT_NAME = Blink;
				SDKROOT = macosx;
				SWIFT_COMPILATION_MODE = wholemodule;
				SWIFT_OPTIMIZATION_LEVEL = "-O";
				SWIFT_VERSION = 5.9;
			};
			name = Release;
		};
		215AEAB3F1997F1AF6F16007 /* Debug */ = {
			isa = XCBuildConfiguration;
			buildSettings = {
				BUNDLE_LOADER = "$(TEST_HOST)";
				COMBINE_HIDPI_IMAGES = YES;
				GENERATE_INFOPLIST_FILE = YES;
				LD_RUNPATH_SEARCH_PATHS = (
					"$(inherited)",
					"@executable_path/../Frameworks",
					"@loader_path/../Frameworks",
				);
				PRODUCT_MODULE_NAME = BlinkTests;
				PRODUCT_NAME = BlinkTests;
				SDKROOT = macosx;
				TEST_HOST = "$(BUILT_PRODUCTS_DIR)/Blink.app/Contents/MacOS/Blink";
			};
			name = Debug;
		};
		50CB80BE2052123FB8AB4B19 /* Release */ = {
			isa = XCBuildConfiguration;
			buildSettings = {
				BUNDLE_LOADER = "$(TEST_HOST)";
				COMBINE_HIDPI_IMAGES = YES;
				GENERATE_INFOPLIST_FILE = YES;
				LD_RUNPATH_SEARCH_PATHS = (
					"$(inherited)",
					"@executable_path/../Frameworks",
					"@loader_path/../Frameworks",
				);
				PRODUCT_MODULE_NAME = BlinkTests;
				PRODUCT_NAME = BlinkTests;
				SDKROOT = macosx;
				TEST_HOST = "$(BUILT_PRODUCTS_DIR)/Blink.app/Contents/MacOS/Blink";
			};
			name = Release;
		};
		ACFF4EBC46D010A5CFBCEBF5 /* Debug */ = {
			isa = XCBuildConfiguration;
			buildSettings = {
				ALWAYS_SEARCH_USER_PATHS = NO;
				ASSETCATALOG_COMPILER_APPICON_NAME = AppIcon;
				CLANG_ANALYZER_NONNULL = YES;
				CLANG_ANALYZER_NUMBER_OBJECT_CONVERSION = YES_AGGRESSIVE;
				CLANG_CXX_LANGUAGE_STANDARD = "gnu++14";
				CLANG_CXX_LIBRARY = "libc++";
				CLANG_ENABLE_MODULES = YES;
				CLANG_ENABLE_OBJC_ARC = YES;
				CLANG_ENABLE_OBJC_WEAK = YES;
				CLANG_WARN_BLOCK_CAPTURE_AUTORELEASING = YES;
				CLANG_WARN_BOOL_CONVERSION = YES;
				CLANG_WARN_COMMA = YES;
				CLANG_WARN_CONSTANT_CONVERSION = YES;
				CLANG_WARN_DEPRECATED_OBJC_IMPLEMENTATIONS = YES;
				CLANG_WARN_DIRECT_OBJC_ISA_USAGE = YES_ERROR;
				CLANG_WARN_DOCUMENTATION_COMMENTS = YES;
				CLANG_WARN_EMPTY_BODY = YES;
				CLANG_WARN_ENUM_CONVERSION = YES;
				CLANG_WARN_INFINITE_RECURSION = YES;
				CLANG_WARN_INT_CONVERSION = YES;
				CLANG_WARN_NON_LITERAL_NULL_CONVERSION = YES;
				CLANG_WARN_OBJC_IMPLICIT_RETAIN_SELF = YES;
				CLANG_WARN_OBJC_LITERAL_CONVERSION = YES;
				CLANG_WARN_OBJC_ROOT_CLASS = YES_ERROR;
				CLANG_WARN_QUOTED_INCLUDE_IN_FRAMEWORK_HEADER = YES;
				CLANG_WARN_RANGE_LOOP_ANALYSIS = YES;
				CLANG_WARN_STRICT_PROTOTYPES = YES;
				CLANG_WARN_SUSPICIOUS_MOVE = YES;
				CLANG_WARN_UNGUARDED_AVAILABILITY = YES_AGGRESSIVE;
				CLANG_WARN_UNREACHABLE_CODE = YES;
				CLANG_WARN__DUPLICATE_METHOD_MATCH = YES;
				CODE_SIGN_ENTITLEMENTS = Blink/Blink.entitlements;
				CODE_SIGN_STYLE = Manual;
				COPY_PHASE_STRIP = NO;
				DEBUG_INFORMATION_FORMAT = dwarf;
				DEVELOPMENT_TEAM = "$(BLINK_DEVELOPMENT_TEAM)";
				ENABLE_HARDENED_RUNTIME = YES;
				ENABLE_STRICT_OBJC_MSGSEND = YES;
				ENABLE_TESTABILITY = YES;
				GCC_C_LANGUAGE_STANDARD = gnu11;
				GCC_DYNAMIC_NO_PIC = NO;
				GCC_NO_COMMON_BLOCKS = YES;
				GCC_OPTIMIZATION_LEVEL = 0;
				GCC_PREPROCESSOR_DEFINITIONS = (
					"$(inherited)",
					"DEBUG=1",
				);
				GCC_WARN_64_TO_32_BIT_CONVERSION = YES;
				GCC_WARN_ABOUT_RETURN_TYPE = YES_ERROR;
				GCC_WARN_UNDECLARED_SELECTOR = YES;
				GCC_WARN_UNINITIALIZED_AUTOS = YES_AGGRESSIVE;
				GCC_WARN_UNUSED_FUNCTION = YES;
				GCC_WARN_UNUSED_VARIABLE = YES;
				GENERATE_INFOPLIST_FILE = NO;
				INFOPLIST_FILE = Blink/Info.plist;
				MACOSX_DEPLOYMENT_TARGET = 14.0;
				MTL_ENABLE_DEBUG_INFO = INCLUDE_SOURCE;
				MTL_FAST_MATH = YES;
				ONLY_ACTIVE_ARCH = YES;
				OTHER_CODE_SIGN_FLAGS = "--options=runtime";
				PRODUCT_BUNDLE_IDENTIFIER = com.henryz2004.blink;
				PRODUCT_NAME = Blink;
				SDKROOT = macosx;
				SWIFT_ACTIVE_COMPILATION_CONDITIONS = DEBUG;
				SWIFT_OPTIMIZATION_LEVEL = "-Onone";
				SWIFT_VERSION = 5.9;
			};
			name = Debug;
		};
		AEA610DE59472AAECC971BAC /* Debug */ = {
			isa = XCBuildConfiguration;
			buildSettings = {
				ASSETCATALOG_COMPILER_APPICON_NAME = AppIcon;
				COMBINE_HIDPI_IMAGES = YES;
				INFOPLIST_FILE = Blink/Info.plist;
				LD_RUNPATH_SEARCH_PATHS = (
					"$(inherited)",
					"@executable_path/../Frameworks",
				);
				SDKROOT = macosx;
			};
			name = Debug;
		};
		F31BE749247DCA686B22646D /* Release */ = {
			isa = XCBuildConfiguration;
			buildSettings = {
				ASSETCATALOG_COMPILER_APPICON_NAME = AppIcon;
				COMBINE_HIDPI_IMAGES = YES;
				INFOPLIST_FILE = Blink/Info.plist;
				LD_RUNPATH_SEARCH_PATHS = (
					"$(inherited)",
					"@executable_path/../Frameworks",
				);
				SDKROOT = macosx;
			};
			name = Release;
		};
/* End XCBuildConfiguration section */

/* Begin XCConfigurationList section */
		114EF5ED8BC9EE1BB0FAB30B /* Build configuration list for PBXProject "Blink" */ = {
			isa = XCConfigurationList;
			buildConfigurations = (
				ACFF4EBC46D010A5CFBCEBF5 /* Debug */,
				01A119BFF1E989B0A233C246 /* Release */,
			);
			defaultConfigurationIsVisible = 0;
			defaultConfigurationName = Debug;
		};
		563DE6CE260D3D1FF908B1E3 /* Build configuration list for PBXNativeTarget "BlinkTests" */ = {
			isa = XCConfigurationList;
			buildConfigurations = (
				215AEAB3F1997F1AF6F16007 /* Debug */,
				50CB80BE2052123FB8AB4B19 /* Release */,
			);
			defaultConfigurationIsVisible = 0;
			defaultConfigurationName = Debug;
		};
		9CDF5C024DE739BC28A35BFC /* Build configuration list for PBXNativeTarget "Blink" */ = {
			isa = XCConfigurationList;
			buildConfigurations = (
				AEA610DE59472AAECC971BAC /* Debug */,
				F31BE749247DCA686B22646D /* Release */,
			);
			defaultConfigurationIsVisible = 0;
			defaultConfigurationName = Debug;
		};
/* End XCConfigurationList section */

/* Begin XCRemoteSwiftPackageReference section */
		BC88A3C9B91F12CD39B12524 /* XCRemoteSwiftPackageReference "PermissionFlow" */ = {
			isa = XCRemoteSwiftPackageReference;
			repositoryURL = "https://github.com/twodayslate/PermissionFlow.git";
			requirement = {
				kind = revision;
				revision = 362ff1f5d025bc57408717e1a755afd4dd47ff20;
			};
		};
		D7718335EF3CD85006FEDFAD /* XCRemoteSwiftPackageReference "Sparkle" */ = {
			isa = XCRemoteSwiftPackageReference;
			repositoryURL = "https://github.com/sparkle-project/Sparkle";
			requirement = {
				kind = upToNextMajorVersion;
				minimumVersion = 2.6.0;
			};
		};
/* End XCRemoteSwiftPackageReference section */

/* Begin XCSwiftPackageProductDependency section */
		006F33F7E8CC040624F639A0 /* PermissionFlowExtendedStatus */ = {
			isa = XCSwiftPackageProductDependency;
			package = BC88A3C9B91F12CD39B12524 /* XCRemoteSwiftPackageReference "PermissionFlow" */;
			productName = PermissionFlowExtendedStatus;
		};
		274CBBE4DC64F9737B66DCB6 /* Sparkle */ = {
			isa = XCSwiftPackageProductDependency;
			package = D7718335EF3CD85006FEDFAD /* XCRemoteSwiftPackageReference "Sparkle" */;
			productName = Sparkle;
		};
		71B7439E5F2E382C7BB997BB /* PermissionFlow */ = {
			isa = XCSwiftPackageProductDependency;
			package = BC88A3C9B91F12CD39B12524 /* XCRemoteSwiftPackageReference "PermissionFlow" */;
			productName = PermissionFlow;
		};
/* End XCSwiftPackageProductDependency section */
	};
	rootObject = 5F716E18902DA7ABF2287DDD /* Project object */;
}
